
Microsoft Visual Studio Solution File, Format Version 12.00
# Visual Studio 15
VisualStudioVersion = 15.0.27130.2020
MinimumVisualStudioVersion = 10.0.40219.1
Project("{E24C65DC-7377-472B-9ABA-BC803B73C61A}") = "GigHub", "GigHub\", "{D11C8F1E-35AB-496A-BDAD-A6DEDA5953C7}"
	ProjectSection(WebsiteProperties) = preProject
		TargetFrameworkMoniker = ".NETFramework,Version%3Dv4.6.1"
		Debug.AspNetCompiler.VirtualPath = "/localhost_58870"
		Debug.AspNetCompiler.PhysicalPath = "GigHub\"
		Debug.AspNetCompiler.TargetPath = "PrecompiledWeb\localhost_58870\"
		Debug.AspNetCompiler.Updateable = "true"
		Debug.AspNetCompiler.ForceOverwrite = "true"
		Debug.AspNetCompiler.FixedNames = "false"
		Debug.AspNetCompiler.Debug = "True"
		Release.AspNetCompiler.VirtualPath = "/localhost_58870"
		Release.AspNetCompiler.PhysicalPath = "GigHub\"
		Release.AspNetCompiler.TargetPath = "PrecompiledWeb\localhost_58870\"
		Release.AspNetCompiler.Updateable = "true"
		Release.AspNetCompiler.ForceOverwrite = "true"
		Release.AspNetCompiler.FixedNames = "false"
		Release.AspNetCompiler.Debug = "False"
		VWDPort = "58870"
		SlnRelativePath = "GigHub\"
		DefaultWebSiteLanguage = "Visual C#"
	EndProjectSection
EndProject
Global
	GlobalSection(SolutionConfigurationPlatforms) = preSolution
		Debug|Any CPU = Debug|Any CPU
	EndGlobalSection
	GlobalSection(ProjectConfigurationPlatforms) = postSolution
		{D11C8F1E-35AB-496A-BDAD-A6DEDA5953C7}.Debug|Any CPU.ActiveCfg = Debug|Any CPU
		{D11C8F1E-35AB-496A-BDAD-A6DEDA5953C7}.Debug|Any CPU.Build.0 = Debug|Any CPU
	EndGlobalSection
	GlobalSection(SolutionProperties) = preSolution
		HideSolutionNode = FALSE
	EndGlobalSection
	GlobalSection(ExtensibilityGlobals) = postSolution
		SolutionGuid = {06C15420-8AF4-4FE6-BF4E-680B93E5412E}
	EndGlobalSection
EndGlobal
